<Solution>
  <Folder Name="/src/">
    <Project Path="src/CHL.NrbGateway.Api/CHL.NrbGateway.Api.csproj" />
    <Project Path="src/CHL.NrbGateway.Application/CHL.NrbGateway.Application.csproj" />
    <Project Path="src/CHL.NrbGateway.Domain/CHL.NrbGateway.Domain.csproj" />
    <Project Path="src/CHL.NrbGateway.Infrastructure/CHL.NrbGateway.Infrastructure.csproj" />
  </Folder>
  <Folder Name="/tests/">
    <Project Path="tests/CHL.NrbGateway.Tests/CHL.NrbGateway.Tests.csproj" />
  </Folder>
</Solution>
